<?xml version="1.0" encoding="utf-8"?>
<Project ToolsVersion="4.0" xmlns="http://schemas.microsoft.com/developer/msbuild/2003">
  <ItemGroup>
    <Filter Include="Header">
      <UniqueIdentifier>{4b82c79b-5940-4c69-8ffd-1533a6feece4}</UniqueIdentifier>
    </Filter>
    <Filter Include="Source">
      <UniqueIdentifier>{63b4ea8f-ab28-4441-be4c-917ec1816448}</UniqueIdentifier>
    </Filter>
    <Filter Include="Source\Device">
      <UniqueIdentifier>{3aa6c737-fcc0-4b92-a68d-0c19f909158d}</UniqueIdentifier>
    </Filter>
    <Filter Include="Header\Device">
      <UniqueIdentifier>{c9b8c41e-c608-4af5-a709-5c918069fa8c}</UniqueIdentifier>
    </Filter>
    <Filter Include="Header\GiWorldDraw">
      <UniqueIdentifier>{b385f150-3891-41cb-830b-5424e0b6d666}</UniqueIdentifier>
    </Filter>
    <Filter Include="Source\GiWorldDraw">
      <UniqueIdentifier>{e8010ffb-e6b0-488a-a66e-0bdf1e09c973}</UniqueIdentifier>
    </Filter>
    <Filter Include="Source\Utils">
      <UniqueIdentifier>{db7549e6-c088-418c-8e39-f8a029a64de3}</UniqueIdentifier>
    </Filter>
    <Filter Include="Header\Utils">
      <UniqueIdentifier>{39bbc108-7cad-4b6f-978f-fe9940db78ea}</UniqueIdentifier>
    </Filter>
    <Filter Include="Source\Serialize">
      <UniqueIdentifier>{a1c5294e-b46e-4fe6-93d1-c1338a3d3806}</UniqueIdentifier>
    </Filter>
    <Filter Include="Header\Serialize">
      <UniqueIdentifier>{36cc1768-6e27-4fd3-9788-0d962b1fb8db}</UniqueIdentifier>
    </Filter>
    <Filter Include="Source\MrDwgGltfHolder">
      <UniqueIdentifier>{532f1a47-1d3d-4704-8550-86f8823ccfe9}</UniqueIdentifier>
    </Filter>
  </ItemGroup>
  <ItemGroup>
    <ClInclude Include="..\..\Source\GeometryDumpData\GeometryDumpDataArx\stdafx.h">
      <Filter>Header</Filter>
    </ClInclude>
    <ClInclude Include="..\..\Source\GeometryDumpData\GeometryDumpDataArx\UtcSimpleDevice.h">
      <Filter>Header\Device</Filter>
    </ClInclude>
    <ClInclude Include="..\..\Source\GeometryDumpData\GeometryDumpDataArx\UtcGiSubEntityTraits.h">
      <Filter>Header\GiWorldDraw</Filter>
    </ClInclude>
    <ClInclude Include="..\..\Source\GeometryDumpData\GeometryDumpDataArx\UtcGiWorldDraw.h">
      <Filter>Header\GiWorldDraw</Filter>
    </ClInclude>
    <ClInclude Include="..\..\Source\GeometryDumpData\GeometryDumpDataArx\UtcGiWorldGeometry.h">
      <Filter>Header\GiWorldDraw</Filter>
    </ClInclude>
    <ClInclude Include="..\..\Source\GeometryDumpData\GeometryDumpDataArx\UtcGiContext.h">
      <Filter>Header\GiWorldDraw</Filter>
    </ClInclude>
    <ClInclude Include="..\..\Source\GeometryDumpData\GeometryDumpDataArx\UtilsString.h">
      <Filter>Header\Utils</Filter>
    </ClInclude>
    <ClInclude Include="..\..\Source\GeometryDumpData\GeometryDumpDataArx\DemoGLTF\MrGltfExporter.h">
      <Filter>Source\MrDwgGltfHolder</Filter>
    </ClInclude>
  </ItemGroup>
  <ItemGroup>
    <ClCompile Include="..\..\Source\GeometryDumpData\GeometryDumpDataArx\acrxEntryPoint.cpp">
      <Filter>Source</Filter>
    </ClCompile>
    <ClCompile Include="..\..\Source\GeometryDumpData\GeometryDumpDataArx\UtcGiWorldDraw.cpp">
      <Filter>Source\GiWorldDraw</Filter>
    </ClCompile>
    <ClCompile Include="..\..\Source\GeometryDumpData\GeometryDumpDataArx\UtcSimpleDevice.cpp">
      <Filter>Source\Device</Filter>
    </ClCompile>
    <ClCompile Include="..\..\Source\GeometryDumpData\GeometryDumpDataArx\UtcGiSubEntityTraits.cpp">
      <Filter>Source\GiWorldDraw</Filter>
    </ClCompile>
    <ClCompile Include="..\..\Source\GeometryDumpData\GeometryDumpDataArx\UtcGiWorldGeometry.cpp">
      <Filter>Source\GiWorldDraw</Filter>
    </ClCompile>
    <ClCompile Include="..\..\Source\GeometryDumpData\GeometryDumpDataArx\UtcGiContext.cpp">
      <Filter>Source\GiWorldDraw</Filter>
    </ClCompile>
    <ClCompile Include="..\..\Source\GeometryDumpData\GeometryDumpDataArx\UtilsString.cpp">
      <Filter>Source\Utils</Filter>
    </ClCompile>
    <ClCompile Include="..\..\Source\GeometryDumpData\GeometryDumpDataArx\DemoGLTF\MrGltfExporter.cpp">
      <Filter>Source\MrDwgGltfHolder</Filter>
    </ClCompile>
  </ItemGroup>
  <ItemGroup>
    <None Include="ArxProject.def">
      <Filter>Header</Filter>
    </None>
  </ItemGroup>
</Project>